# This file is automatically @generated by Cargo.
# It is not intended for manual editing.
version = 4

[[package]]
name = "bucket_sort"
version = "0.1.0"

[[package]]
name = "radix_sort"
version = "0.1.0"

[[package]]
name = "sort_algorithm"
version = "0.1.0"
dependencies = [
 "bucket_sort",
 "radix_sort",
]
